
Microsoft Visual Studio Solution File, Format Version 12.00
# Visual Studio Version 17
VisualStudioVersion = 17.6.33815.320
MinimumVisualStudioVersion = 10.0.40219.1
Project("{FAE04EC0-301F-11D3-BF4B-00C04F79EFBC}") = "Console_Calculator", "Console_Calculator.csproj", "{07A3A6F8-51F7-4708-B9CF-D1ECA20E12B3}"
EndProject
Global
	GlobalSection(SolutionConfigurationPlatforms) = preSolution
		Debug|Any CPU = Debug|Any CPU
		Release|Any CPU = Release|Any CPU
	EndGlobalSection
	GlobalSection(ProjectConfigurationPlatforms) = postSolution
		{07A3A6F8-51F7-4708-B9CF-D1ECA20E12B3}.Debug|Any CPU.ActiveCfg = Debug|Any CPU
		{07A3A6F8-51F7-4708-B9CF-D1ECA20E12B3}.Debug|Any CPU.Build.0 = Debug|Any CPU
		{07A3A6F8-51F7-4708-B9CF-D1ECA20E12B3}.Release|Any CPU.ActiveCfg = Release|Any CPU
		{07A3A6F8-51F7-4708-B9CF-D1ECA20E12B3}.Release|Any CPU.Build.0 = Release|Any CPU
	EndGlobalSection
	GlobalSection(SolutionProperties) = preSolution
		HideSolutionNode = FALSE
	EndGlobalSection
	GlobalSection(ExtensibilityGlobals) = postSolution
		SolutionGuid = {6254FFB6-EE06-4D83-913D-2937B7732E05}
	EndGlobalSection
EndGlobal
